
Microsoft Visual Studio Solution File, Format Version 12.00
# Visual Studio 2012
Project("{FAE04EC0-301F-11D3-BF4B-00C04F79EFBC}") = "Balda", "Balda\Balda.csproj", "{6D07D029-C1AD-4883-A98F-4AAB2F892EEB}"
EndProject
Project("{FAE04EC0-301F-11D3-BF4B-00C04F79EFBC}") = "Balda.Data", "Balda.Data\Balda.Data.csproj", "{E2979BC1-9149-4DB1-BB04-B4969CFD1350}"
EndProject
Project("{F088123C-0E9E-452A-89E6-6BA2F21D5CAC}") = "ModelingProject1", "ModelingProject1\ModelingProject1.modelproj", "{F85E7E5D-54CB-4E30-81E2-B2902FABA11D}"
EndProject
Project("{2150E333-8FDC-42A3-9474-1A3956D46DE8}") = "Resources", "Resources", "{0BA58710-04AD-4CA6-9E62-05CA46BB7864}"
	ProjectSection(SolutionItems) = preProject
		Resources\Keyboard.txt = Resources\Keyboard.txt
		Resources\words.txt = Resources\words.txt
	EndProjectSection
EndProject
Global
	GlobalSection(SolutionConfigurationPlatforms) = preSolution
		Debug|Any CPU = Debug|Any CPU
		Debug|Mixed Platforms = Debug|Mixed Platforms
		Debug|x86 = Debug|x86
		Release|Any CPU = Release|Any CPU
		Release|Mixed Platforms = Release|Mixed Platforms
		Release|x86 = Release|x86
	EndGlobalSection
	GlobalSection(ProjectConfigurationPlatforms) = postSolution
		{6D07D029-C1AD-4883-A98F-4AAB2F892EEB}.Debug|Any CPU.ActiveCfg = Debug|x86
		{6D07D029-C1AD-4883-A98F-4AAB2F892EEB}.Debug|Mixed Platforms.ActiveCfg = Debug|x86
		{6D07D029-C1AD-4883-A98F-4AAB2F892EEB}.Debug|Mixed Platforms.Build.0 = Debug|x86
		{6D07D029-C1AD-4883-A98F-4AAB2F892EEB}.Debug|x86.ActiveCfg = Debug|x86
		{6D07D029-C1AD-4883-A98F-4AAB2F892EEB}.Debug|x86.Build.0 = Debug|x86
		{6D07D029-C1AD-4883-A98F-4AAB2F892EEB}.Release|Any CPU.ActiveCfg = Release|x86
		{6D07D029-C1AD-4883-A98F-4AAB2F892EEB}.Release|Mixed Platforms.ActiveCfg = Release|x86
		{6D07D029-C1AD-4883-A98F-4AAB2F892EEB}.Release|Mixed Platforms.Build.0 = Release|x86
		{6D07D029-C1AD-4883-A98F-4AAB2F892EEB}.Release|x86.ActiveCfg = Release|x86
		{6D07D029-C1AD-4883-A98F-4AAB2F892EEB}.Release|x86.Build.0 = Release|x86
		{E2979BC1-9149-4DB1-BB04-B4969CFD1350}.Debug|Any CPU.ActiveCfg = Debug|Any CPU
		{E2979BC1-9149-4DB1-BB04-B4969CFD1350}.Debug|Any CPU.Build.0 = Debug|Any CPU
		{E2979BC1-9149-4DB1-BB04-B4969CFD1350}.Debug|Mixed Platforms.ActiveCfg = Debug|Any CPU
		{E2979BC1-9149-4DB1-BB04-B4969CFD1350}.Debug|Mixed Platforms.Build.0 = Debug|Any CPU
		{E2979BC1-9149-4DB1-BB04-B4969CFD1350}.Debug|x86.ActiveCfg = Debug|Any CPU
		{E2979BC1-9149-4DB1-BB04-B4969CFD1350}.Release|Any CPU.ActiveCfg = Release|Any CPU
		{E2979BC1-9149-4DB1-BB04-B4969CFD1350}.Release|Any CPU.Build.0 = Release|Any CPU
		{E2979BC1-9149-4DB1-BB04-B4969CFD1350}.Release|Mixed Platforms.ActiveCfg = Release|Any CPU
		{E2979BC1-9149-4DB1-BB04-B4969CFD1350}.Release|Mixed Platforms.Build.0 = Release|Any CPU
		{E2979BC1-9149-4DB1-BB04-B4969CFD1350}.Release|x86.ActiveCfg = Release|Any CPU
		{F85E7E5D-54CB-4E30-81E2-B2902FABA11D}.Debug|Any CPU.ActiveCfg = Debug|Any CPU
		{F85E7E5D-54CB-4E30-81E2-B2902FABA11D}.Debug|Any CPU.Build.0 = Debug|Any CPU
		{F85E7E5D-54CB-4E30-81E2-B2902FABA11D}.Debug|Mixed Platforms.ActiveCfg = Debug|Any CPU
		{F85E7E5D-54CB-4E30-81E2-B2902FABA11D}.Debug|Mixed Platforms.Build.0 = Debug|Any CPU
		{F85E7E5D-54CB-4E30-81E2-B2902FABA11D}.Debug|x86.ActiveCfg = Debug|Any CPU
		{F85E7E5D-54CB-4E30-81E2-B2902FABA11D}.Release|Any CPU.ActiveCfg = Release|Any CPU
		{F85E7E5D-54CB-4E30-81E2-B2902FABA11D}.Release|Any CPU.Build.0 = Release|Any CPU
		{F85E7E5D-54CB-4E30-81E2-B2902FABA11D}.Release|Mixed Platforms.ActiveCfg = Release|Any CPU
		{F85E7E5D-54CB-4E30-81E2-B2902FABA11D}.Release|Mixed Platforms.Build.0 = Release|Any CPU
		{F85E7E5D-54CB-4E30-81E2-B2902FABA11D}.Release|x86.ActiveCfg = Release|Any CPU
	EndGlobalSection
	GlobalSection(SolutionProperties) = preSolution
		HideSolutionNode = FALSE
	EndGlobalSection
	GlobalSection(Performance) = preSolution
		HasPerformanceSessions = true
	EndGlobalSection
EndGlobal
